
Microsoft Visual Studio Solution File, Format Version 12.00
# Visual Studio Version 17
VisualStudioVersion = 17.0.32112.339
MinimumVisualStudioVersion = 10.0.40219.1
Project("{FAE04EC0-301F-11D3-BF4B-00C04F79EFBC}") = "Абстрактный класс Задание 3 вариант 25 Яковлев Никита 21Д", "Абстрактный класс Задание 3 вариант 25 Яковлев Никита 21Д\Абстрактный класс Задание 3 вариант 25 Яковлев Никита 21Д.csproj", "{19178F1D-614C-45D5-9F9D-7727351C539B}"
EndProject
Global
	GlobalSection(SolutionConfigurationPlatforms) = preSolution
		Debug|Any CPU = Debug|Any CPU
		Release|Any CPU = Release|Any CPU
	EndGlobalSection
	GlobalSection(ProjectConfigurationPlatforms) = postSolution
		{19178F1D-614C-45D5-9F9D-7727351C539B}.Debug|Any CPU.ActiveCfg = Debug|Any CPU
		{19178F1D-614C-45D5-9F9D-7727351C539B}.Debug|Any CPU.Build.0 = Debug|Any CPU
		{19178F1D-614C-45D5-9F9D-7727351C539B}.Release|Any CPU.ActiveCfg = Release|Any CPU
		{19178F1D-614C-45D5-9F9D-7727351C539B}.Release|Any CPU.Build.0 = Release|Any CPU
	EndGlobalSection
	GlobalSection(SolutionProperties) = preSolution
		HideSolutionNode = FALSE
	EndGlobalSection
	GlobalSection(ExtensibilityGlobals) = postSolution
		SolutionGuid = {C7DCBE02-7B25-4914-A8A3-BE5AB85019C2}
	EndGlobalSection
EndGlobal
